
Microsoft Visual Studio Solution File, Format Version 12.00
# Visual Studio Version 16
VisualStudioVersion = 16.0.31005.135
MinimumVisualStudioVersion = 10.0.40219.1
Project("{FAE04EC0-301F-11D3-BF4B-00C04F79EFBC}") = "NetCoreWithReactComponents", "NetCoreWithReactComponents.csproj", "{DAE8F196-16AD-4413-9CFF-57D9EA834474}"
EndProject
Global
	GlobalSection(SolutionConfigurationPlatforms) = preSolution
		Debug|Any CPU = Debug|Any CPU
		Release|Any CPU = Release|Any CPU
	EndGlobalSection
	GlobalSection(ProjectConfigurationPlatforms) = postSolution
		{DAE8F196-16AD-4413-9CFF-57D9EA834474}.Debug|Any CPU.ActiveCfg = Debug|Any CPU
		{DAE8F196-16AD-4413-9CFF-57D9EA834474}.Debug|Any CPU.Build.0 = Debug|Any CPU
		{DAE8F196-16AD-4413-9CFF-57D9EA834474}.Release|Any CPU.ActiveCfg = Release|Any CPU
		{DAE8F196-16AD-4413-9CFF-57D9EA834474}.Release|Any CPU.Build.0 = Release|Any CPU
	EndGlobalSection
	GlobalSection(SolutionProperties) = preSolution
		HideSolutionNode = FALSE
	EndGlobalSection
	GlobalSection(ExtensibilityGlobals) = postSolution
		SolutionGuid = {C2687DAF-E94B-4706-AB6E-F575C565D7B5}
	EndGlobalSection
EndGlobal
